{
  "object": {
    "pins": [
      {
        "package": "MultipartForm",
        "repositoryURL": "https://github.com/davbeck/MultipartForm",
        "state": {
          "branch": null,
          "revision": "c91979ea956a360bf84f0cc480afbcc7c946c753",
          "version": "0.1.0"
        }
      },
      {
        "package": "swift-argument-parser",
        "repositoryURL": "https://github.com/randomeizer/swift-argument-parser.git",
        "state": {
          "branch": "randomeizer/322-duplicate-fields-in-OptionGroup",
          "revision": "3355339c7517985b3f87d081f5918f032271e9a4",
          "version": null
        }
      },
      {
        "package": "swift-custom-dump",
        "repositoryURL": "https://github.com/pointfreeco/swift-custom-dump",
        "state": {
          "branch": null,
          "revision": "c9b6b940d95c0a925c63f6858943415714d8a981",
          "version": "0.5.2"
        }
      },
      {
        "package": "swift-openai-bits",
        "repositoryURL": "https://github.com/randombitsco/swift-openai-bits",
        "state": {
          "branch": "main",
          "revision": "d691a30cf5b0ecf8a80ddf59bcb5e2bb149857db",
          "version": null
        }
      },
      {
        "package": "xctest-dynamic-overlay",
        "repositoryURL": "https://github.com/pointfreeco/xctest-dynamic-overlay",
        "state": {
          "branch": null,
          "revision": "30314f1ece684dd60679d598a9b89107557b67d9",
          "version": "0.4.1"
        }
      }
    ]
  },
  "version": 1
}
