{
  "pins" : [
    {
      "identity" : "multipartform",
      "kind" : "remoteSourceControl",
      "location" : "https://github.com/davbeck/MultipartForm",
      "state" : {
        "revision" : "c91979ea956a360bf84f0cc480afbcc7c946c753",
        "version" : "0.1.0"
      }
    },
    {
      "identity" : "prism",
      "kind" : "remoteSourceControl",
      "location" : "https://github.com/jordanbaird/Prism",
      "state" : {
        "revision" : "2d25c541f710caa4b8dc538300444bfd88259472",
        "version" : "0.1.0"
      }
    },
    {
      "identity" : "swift-argument-parser",
      "kind" : "remoteSourceControl",
      "location" : "https://github.com/apple/swift-argument-parser.git",
      "state" : {
        "revision" : "fee6933f37fde9a5e12a1e4aeaa93fe60116ff2a",
        "version" : "1.2.2"
      }
    },
    {
      "identity" : "swift-case-paths",
      "kind" : "remoteSourceControl",
      "location" : "https://github.com/pointfreeco/swift-case-paths",
      "state" : {
        "revision" : "f623901b4bcc97f59c36704f81583f169b228e51",
        "version" : "0.13.0"
      }
    },
    {
      "identity" : "swift-custom-dump",
      "kind" : "remoteSourceControl",
      "location" : "https://github.com/pointfreeco/swift-custom-dump",
      "state" : {
        "revision" : "dd86159e25c749873f144577e5d18309bf57534f",
        "version" : "0.8.0"
      }
    },
    {
      "identity" : "swift-openai-bits",
      "kind" : "localSourceControl",
      "location" : "/Users/david/Development/Projects/randombitsco/swift-openai-bits",
      "state" : {
        "branch" : "main",
        "revision" : "f9ecff18dd97834c3b3668d913622d11a107700b"
      }
    },
    {
      "identity" : "swift-parsing",
      "kind" : "remoteSourceControl",
      "location" : "https://github.com/pointfreeco/swift-parsing",
      "state" : {
        "revision" : "4bb9192468c1a8be57f46b7d6fd4f561c88b2195",
        "version" : "0.11.0"
      }
    },
    {
      "identity" : "xctest-dynamic-overlay",
      "kind" : "remoteSourceControl",
      "location" : "https://github.com/pointfreeco/xctest-dynamic-overlay",
      "state" : {
        "revision" : "62041e6016a30f56952f5d7d3f12a3fd7029e1cd",
        "version" : "0.8.3"
      }
    }
  ],
  "version" : 2
}
